<?xml version="1.0" encoding="utf-8"?>
<Project ToolsVersion="Current" xmlns="http://schemas.microsoft.com/developer/msbuild/2003">
  <ItemGroup>
    <ClCompile Include="Lua\Shared\LuaStats.cpp">
      <Filter>Lua\Shared</Filter>
    </ClCompile>
    <ClCompile Include="Lua\Server\LuaServer.cpp">
      <Filter>Lua\Server</Filter>
    </ClCompile>
    <ClCompile Include="Lua\Client\LuaClient.cpp">
      <Filter>Lua\Client</Filter>
    </ClCompile>
    <ClCompile Include="Lua\LuaBinding.cpp">
      <Filter>Lua</Filter>
    </ClCompile>
    <ClCompile Include="GameDefinitions\GameHelpers.cpp">
      <Filter>GameDefinitions</Filter>
    </ClCompile>
    <ClCompile Include="GameDefinitions\Stats\StatsObject.inl">
      <Filter>GameDefinitions\Stats</Filter>
    </ClCompile>
    <ClCompile Include="GameHooks\DataLibraries.cpp">
      <Filter>GameHooks</Filter>
    </ClCompile>
    <ClCompile Include="GameHooks\DataLibrariesBG3Game.cpp">
      <Filter>GameHooks</Filter>
    </ClCompile>
    <ClCompile Include="GameHooks\OsirisWrappers.cpp">
      <Filter>GameHooks</Filter>
    </ClCompile>
    <ClCompile Include="GameHooks\EngineHooks.cpp">
      <Filter>GameHooks</Filter>
    </ClCompile>
    <ClCompile Include="Osiris\OsirisExtender.cpp">
      <Filter>Osiris</Filter>
    </ClCompile>
    <ClCompile Include="Osiris\Debugger\Debugger.cpp">
      <Filter>Osiris\Debugger</Filter>
    </ClCompile>
    <ClCompile Include="Osiris\Debugger\DebugInterface.cpp">
      <Filter>Osiris\Debugger</Filter>
    </ClCompile>
    <ClCompile Include="Osiris\Debugger\DebugMessages.cpp">
      <Filter>Osiris\Debugger</Filter>
    </ClCompile>
    <ClCompile Include="Osiris\Debugger\osidebug.pb.cc">
      <Filter>Osiris\Debugger</Filter>
    </ClCompile>
    <ClCompile Include="Osiris\Shared\CustomFunctions.cpp">
      <Filter>Osiris\Shared</Filter>
    </ClCompile>
    <ClCompile Include="Osiris\Shared\NodeHooks.cpp">
      <Filter>Osiris\Shared</Filter>
    </ClCompile>
    <ClCompile Include="Osiris\Shared\OsirisHelpers.cpp">
      <Filter>Osiris\Shared</Filter>
    </ClCompile>
    <ClCompile Include="Osiris\Functions\FunctionLibrary.cpp">
      <Filter>Osiris\Functions</Filter>
    </ClCompile>
    <ClCompile Include="Osiris\Functions\FunctionUtilities.cpp">
      <Filter>Osiris\Functions</Filter>
    </ClCompile>
    <ClCompile Include="Osiris\Functions\LuaFunctions.cpp">
      <Filter>Osiris\Functions</Filter>
    </ClCompile>
    <ClCompile Include="Osiris\Functions\MathFunctions.cpp">
      <Filter>Osiris\Functions</Filter>
    </ClCompile>
    <ClCompile Include="Osiris\Functions\StatFunctions.cpp">
      <Filter>Osiris\Functions</Filter>
    </ClCompile>
    <ClCompile Include="Osiris\Functions\UtilityFunctions.cpp">
      <Filter>Osiris\Functions</Filter>
    </ClCompile>
    <ClCompile Include="GameDefinitions\Enumerations.cpp">
      <Filter>GameDefinitions</Filter>
    </ClCompile>
    <ClCompile Include="GameDefinitions\EntitySystem.cpp">
      <Filter>GameDefinitions</Filter>
    </ClCompile>
    <ClCompile Include="Extender\Shared\CrashReporter.cpp">
      <Filter>Extender\Shared</Filter>
    </ClCompile>
    <ClCompile Include="Extender\Shared\dllmain.cpp">
      <Filter>Extender\Shared</Filter>
    </ClCompile>
    <ClCompile Include="Extender\Shared\DWriteWrapper.cpp">
      <Filter>Extender\Shared</Filter>
    </ClCompile>
    <ClCompile Include="Extender\Shared\ExtensionState.cpp">
      <Filter>Extender\Shared</Filter>
    </ClCompile>
    <ClCompile Include="Extender\Shared\ScriptHelpers.cpp">
      <Filter>Extender\Shared</Filter>
    </ClCompile>
    <ClCompile Include="Extender\Shared\tinyxml2.cpp">
      <Filter>Extender\Shared</Filter>
    </ClCompile>
    <ClCompile Include="Extender\Shared\Utils.cpp">
      <Filter>Extender\Shared</Filter>
    </ClCompile>
    <ClCompile Include="Extender\ScriptExtender.cpp">
      <Filter>Extender</Filter>
    </ClCompile>
    <ClCompile Include="GameDefinitions\GlobalFixedStrings.cpp">
      <Filter>GameDefinitions</Filter>
    </ClCompile>
    <ClCompile Include="GameDefinitions\Stats\Stats.cpp">
      <Filter>GameDefinitions\Stats</Filter>
    </ClCompile>
    <ClCompile Include="stdafx.cpp" />
    <ClCompile Include="Extender\Server\ScriptExtenderServer.cpp">
      <Filter>Extender\Server</Filter>
    </ClCompile>
    <ClCompile Include="Extender\Client\ScriptExtenderClient.cpp">
      <Filter>Extender\Client</Filter>
    </ClCompile>
    <ClCompile Include="Extender\Shared\Console.cpp">
      <Filter>Extender\Shared</Filter>
    </ClCompile>
    <ClCompile Include="Lua\Shared\Proxies\LuaObjectProxies.cpp">
      <Filter>Lua\Shared\Proxies</Filter>
    </ClCompile>
    <ClCompile Include="Lua\Debugger\LuaDebug.pb.cc">
      <Filter>Lua\Debugger</Filter>
    </ClCompile>
    <ClCompile Include="Lua\Debugger\LuaDebugger.cpp">
      <Filter>Lua\Debugger</Filter>
    </ClCompile>
    <ClCompile Include="Lua\Debugger\LuaDebugMessages.cpp">
      <Filter>Lua\Debugger</Filter>
    </ClCompile>
    <ClCompile Include="GameDefinitions\Base\Base.cpp">
      <Filter>GameDefinitions\Base</Filter>
    </ClCompile>
    <ClCompile Include="Lua\Shared\LuaInternalHelpers.cpp">
      <Filter>Lua\Shared</Filter>
    </ClCompile>
    <ClCompile Include="Lua\Shared\LuaBundle.cpp">
      <Filter>Lua\Shared</Filter>
    </ClCompile>
    <ClCompile Include="Extender\Client\ExtensionStateClient.cpp">
      <Filter>Extender\Client</Filter>
    </ClCompile>
    <ClCompile Include="Lua\Osiris\LuaOsirisBinding.cpp">
      <Filter>Lua\Server</Filter>
    </ClCompile>
    <ClCompile Include="Lua\Libs\LuaSharedLibs.cpp" />
    <ClCompile Include="Lua\Shared\Proxies\LuaTypeInformation.cpp" />
    <ClCompile Include="Extender\Shared\Hooks.cpp" />
    <ClCompile Include="Lua\LuaSerializers.cpp" />
    <ClCompile Include="Extender\Shared\ExtenderProtocol.pb.cc" />
    <ClCompile Include="Extender\Shared\ExtenderNet.cpp" />
    <ClCompile Include="Extender\Client\ClientNetworking.cpp" />
    <ClCompile Include="Extender\Server\ServerNetworking.cpp" />
    <ClCompile Include="Extender\Client\IMGUI\IMGUI.cpp" />
    <ClCompile Include="Extender\Client\SDL.cpp" />
    <ClCompile Include="GameDefinitions\GameDefinitionHelpers.cpp" />
  </ItemGroup>
  <ItemGroup>
    <ClInclude Include="resource.h" />
    <ClInclude Include="Lua\Shared\LuaStats.h">
      <Filter>Lua\Shared</Filter>
    </ClInclude>
    <ClInclude Include="Lua\Server\LuaBindingServer.h">
      <Filter>Lua\Server</Filter>
    </ClInclude>
    <ClInclude Include="Lua\Client\LuaBindingClient.h">
      <Filter>Lua\Client</Filter>
    </ClInclude>
    <ClInclude Include="Lua\LuaBinding.h">
      <Filter>Lua</Filter>
    </ClInclude>
    <ClInclude Include="Lua\LuaHelpers.h">
      <Filter>Lua</Filter>
    </ClInclude>
    <ClInclude Include="Lua\LuaSerializers.h">
      <Filter>Lua</Filter>
    </ClInclude>
    <ClInclude Include="GameDefinitions\Components\Boosts.h">
      <Filter>GameDefinitions\Components</Filter>
    </ClInclude>
    <ClInclude Include="GameDefinitions\Components\Combat.h">
      <Filter>GameDefinitions\Components</Filter>
    </ClInclude>
    <ClInclude Include="GameDefinitions\Components\Components.h">
      <Filter>GameDefinitions\Components</Filter>
    </ClInclude>
    <ClInclude Include="GameDefinitions\Components\Passives.h">
      <Filter>GameDefinitions\Components</Filter>
    </ClInclude>
    <ClInclude Include="GameDefinitions\Components\Projectile.h">
      <Filter>GameDefinitions\Components</Filter>
    </ClInclude>
    <ClInclude Include="GameDefinitions\Components\Data.h">
      <Filter>GameDefinitions\Components</Filter>
    </ClInclude>
    <ClInclude Include="GameDefinitions\Stats\Stats.h">
      <Filter>GameDefinitions\Stats</Filter>
    </ClInclude>
    <ClInclude Include="GameDefinitions\Stats\Common.h">
      <Filter>GameDefinitions\Stats</Filter>
    </ClInclude>
    <ClInclude Include="GameDefinitions\Stats\Functors.h">
      <Filter>GameDefinitions\Stats</Filter>
    </ClInclude>
    <ClInclude Include="GameDefinitions\EntitySystem.h">
      <Filter>GameDefinitions</Filter>
    </ClInclude>
    <ClInclude Include="GameDefinitions\EntityManager.h">
      <Filter>GameDefinitions</Filter>
    </ClInclude>
    <ClInclude Include="GameDefinitions\Enumerations.h">
      <Filter>GameDefinitions</Filter>
    </ClInclude>
    <ClInclude Include="GameDefinitions\Hit.h">
      <Filter>GameDefinitions</Filter>
    </ClInclude>
    <ClInclude Include="GameDefinitions\Item.h">
      <Filter>GameDefinitions</Filter>
    </ClInclude>
    <ClInclude Include="GameDefinitions\Level.h">
      <Filter>GameDefinitions</Filter>
    </ClInclude>
    <ClInclude Include="GameDefinitions\Misc.h">
      <Filter>GameDefinitions</Filter>
    </ClInclude>
    <ClInclude Include="GameDefinitions\Module.h">
      <Filter>GameDefinitions</Filter>
    </ClInclude>
    <ClInclude Include="GameDefinitions\Osiris.h">
      <Filter>GameDefinitions</Filter>
    </ClInclude>
    <ClInclude Include="GameDefinitions\RootTemplates.h">
      <Filter>GameDefinitions</Filter>
    </ClInclude>
    <ClInclude Include="GameDefinitions\Status.h">
      <Filter>GameDefinitions</Filter>
    </ClInclude>
    <ClInclude Include="GameDefinitions\Symbols.h">
      <Filter>GameDefinitions</Filter>
    </ClInclude>
    <ClInclude Include="GameDefinitions\Surface.h">
      <Filter>GameDefinitions</Filter>
    </ClInclude>
    <ClInclude Include="GameDefinitions\Character.h">
      <Filter>GameDefinitions</Filter>
    </ClInclude>
    <ClInclude Include="GameDefinitions\GuidResources.h">
      <Filter>GameDefinitions</Filter>
    </ClInclude>
    <ClInclude Include="GameDefinitions\Resources.h">
      <Filter>GameDefinitions</Filter>
    </ClInclude>
    <ClInclude Include="GameHooks\DataLibraries.h">
      <Filter>GameHooks</Filter>
    </ClInclude>
    <ClInclude Include="GameHooks\OsirisWrappers.h">
      <Filter>GameHooks</Filter>
    </ClInclude>
    <ClInclude Include="GameHooks\EngineHooks.h">
      <Filter>GameHooks</Filter>
    </ClInclude>
    <ClInclude Include="Osiris\OsirisExtender.h">
      <Filter>Osiris</Filter>
    </ClInclude>
    <ClInclude Include="Osiris\Debugger\Debugger.h">
      <Filter>Osiris\Debugger</Filter>
    </ClInclude>
    <ClInclude Include="Osiris\Debugger\DebugInterface.h">
      <Filter>Osiris\Debugger</Filter>
    </ClInclude>
    <ClInclude Include="Osiris\Debugger\DebugMessages.h">
      <Filter>Osiris\Debugger</Filter>
    </ClInclude>
    <ClInclude Include="Osiris\Debugger\osidebug.pb.h">
      <Filter>Osiris\Debugger</Filter>
    </ClInclude>
    <ClInclude Include="Osiris\Shared\CustomFunctions.h">
      <Filter>Osiris\Shared</Filter>
    </ClInclude>
    <ClInclude Include="Osiris\Shared\NodeHooks.h">
      <Filter>Osiris\Shared</Filter>
    </ClInclude>
    <ClInclude Include="Osiris\Shared\OsirisHelpers.h">
      <Filter>Osiris\Shared</Filter>
    </ClInclude>
    <ClInclude Include="Osiris\Functions\FunctionLibrary.h">
      <Filter>Osiris\Functions</Filter>
    </ClInclude>
    <ClInclude Include="Lua\Shared\LuaLifetime.h">
      <Filter>Lua\Shared</Filter>
    </ClInclude>
    <ClInclude Include="Lua\LuaUserdata.h">
      <Filter>Lua</Filter>
    </ClInclude>
    <ClInclude Include="Extender\Shared\DWriteWrapper.h">
      <Filter>Extender\Shared</Filter>
    </ClInclude>
    <ClInclude Include="Extender\Shared\ExtenderConfig.h">
      <Filter>Extender\Shared</Filter>
    </ClInclude>
    <ClInclude Include="Extender\Shared\ExtensionHelpers.h">
      <Filter>Extender\Shared</Filter>
    </ClInclude>
    <ClInclude Include="Extender\Shared\ExtensionState.h">
      <Filter>Extender\Shared</Filter>
    </ClInclude>
    <ClInclude Include="Extender\Shared\ScriptHelpers.h">
      <Filter>Extender\Shared</Filter>
    </ClInclude>
    <ClInclude Include="Extender\Shared\tinyxml2.h">
      <Filter>Extender\Shared</Filter>
    </ClInclude>
    <ClInclude Include="Extender\Shared\Utils.h">
      <Filter>Extender\Shared</Filter>
    </ClInclude>
    <ClInclude Include="Extender\Client\ExtensionStateClient.h">
      <Filter>Extender\Client</Filter>
    </ClInclude>
    <ClInclude Include="Extender\Server\ExtensionStateServer.h">
      <Filter>Extender\Server</Filter>
    </ClInclude>
    <ClInclude Include="GameDefinitions\EntitySystemHelpers.h">
      <Filter>GameDefinitions</Filter>
    </ClInclude>
    <ClInclude Include="Extender\ScriptExtender.h">
      <Filter>Extender</Filter>
    </ClInclude>
    <ClInclude Include="GameDefinitions\GlobalFixedStrings.h">
      <Filter>GameDefinitions</Filter>
    </ClInclude>
    <ClInclude Include="stdafx.h" />
    <ClInclude Include="Extender\Shared\StatLoadOrderHelper.h">
      <Filter>Extender\Shared</Filter>
    </ClInclude>
    <ClInclude Include="Extender\Shared\SavegameSerializer.h">
      <Filter>Extender\Shared</Filter>
    </ClInclude>
    <ClInclude Include="Extender\Client\ScriptExtenderClient.h">
      <Filter>Extender\Client</Filter>
    </ClInclude>
    <ClInclude Include="Extender\Server\ScriptExtenderServer.h">
      <Filter>Extender\Server</Filter>
    </ClInclude>
    <ClInclude Include="Extender\Shared\Console.h">
      <Filter>Extender\Shared</Filter>
    </ClInclude>
    <ClInclude Include="Extender\Shared\ScriptExtenderBase.h">
      <Filter>Extender\Shared</Filter>
    </ClInclude>
    <ClInclude Include="GameDefinitions\Base\Base.h">
      <Filter>GameDefinitions\Base</Filter>
    </ClInclude>
    <ClInclude Include="Lua\Shared\Proxies\LuaArrayProxy.h">
      <Filter>Lua\Shared\Proxies</Filter>
    </ClInclude>
    <ClInclude Include="Lua\Shared\Proxies\LuaEntityProxy.h">
      <Filter>Lua\Shared\Proxies</Filter>
    </ClInclude>
    <ClInclude Include="Lua\Shared\Proxies\LuaMapProxy.h">
      <Filter>Lua\Shared\Proxies</Filter>
    </ClInclude>
    <ClInclude Include="Lua\Shared\Proxies\LuaPropertyMapHelpers.h">
      <Filter>Lua\Shared\Proxies</Filter>
    </ClInclude>
    <ClInclude Include="Lua\Shared\Proxies\LuaSetProxy.h">
      <Filter>Lua\Shared\Proxies</Filter>
    </ClInclude>
    <ClInclude Include="Lua\Debugger\LuaDebug.pb.h">
      <Filter>Lua\Debugger</Filter>
    </ClInclude>
    <ClInclude Include="Lua\Debugger\LuaDebugger.h">
      <Filter>Lua\Debugger</Filter>
    </ClInclude>
    <ClInclude Include="Lua\Debugger\LuaDebugMessages.h">
      <Filter>Lua\Debugger</Filter>
    </ClInclude>
    <ClInclude Include="Lua\Shared\LuaBundle.h">
      <Filter>Lua\Shared</Filter>
    </ClInclude>
    <ClInclude Include="GameDefinitions\Base\ForwardDeclarations.h">
      <Filter>GameDefinitions\Base</Filter>
    </ClInclude>
    <ClInclude Include="Lua\Osiris\Binding.h">
      <Filter>Lua\Server</Filter>
    </ClInclude>
    <ClInclude Include="Lua\Libs\LibraryRegistrationHelpers.h">
      <Filter>Lua\Libs</Filter>
    </ClInclude>
    <ClInclude Include="Lua\Shared\Proxies\LuaEvent.h">
      <Filter>Lua\Shared\Proxies</Filter>
    </ClInclude>
    <ClInclude Include="GameDefinitions\Base\BaseTypeInformation.h">
      <Filter>GameDefinitions\Base</Filter>
    </ClInclude>
    <ClInclude Include="Lua\Shared\LuaTraits.h">
      <Filter>Lua\Shared</Filter>
    </ClInclude>
    <ClInclude Include="GameDefinitions\GameState.h" />
    <ClInclude Include="GameDefinitions\Base\CommonTypes.h" />
    <ClInclude Include="Lua\Libs\Json.h" />
    <ClInclude Include="Lua\Shared\Proxies\PropertyMapDependencies.h" />
    <ClInclude Include="Lua\Shared\Proxies\LuaPropertyMap.h" />
    <ClInclude Include="Lua\Shared\LuaModule.h" />
    <ClInclude Include="Lua\Shared\Proxies\LuaCppClass.h" />
    <ClInclude Include="GameDefinitions\TranslatedString.h" />
    <ClInclude Include="Extender\Shared\Hooks.h" />
    <ClInclude Include="Lua\Shared\LuaTypeValidators.h" />
    <ClInclude Include="GameDefinitions\Base\Serialization.h" />
    <ClInclude Include="Lua\Shared\LuaTypeTraits.h" />
    <ClInclude Include="Lua\Helpers\LuaPush.h" />
    <ClInclude Include="Lua\Helpers\LuaGet.h" />
    <ClInclude Include="Lua\Helpers\LuaGetObject.h" />
    <ClInclude Include="Lua\Helpers\LuaPushObject.h" />
    <ClInclude Include="Lua\Helpers\LuaSerialize.h" />
    <ClInclude Include="Lua\Helpers\LuaUnserialize.h" />
    <ClInclude Include="GameDefinitions\Components\Spell.h" />
    <ClInclude Include="GameDefinitions\Components\All.h" />
    <ClInclude Include="GameDefinitions\Components\Inventory.h" />
    <ClInclude Include="GameDefinitions\Components\Visual.h" />
    <ClInclude Include="GameDefinitions\Components\Runtime.h" />
    <ClInclude Include="GameDefinitions\Stats\Expression.h" />
    <ClInclude Include="GameDefinitions\Base\ExposedTypes.h" />
    <ClInclude Include="GameDefinitions\Interrupt.h" />
    <ClInclude Include="GameDefinitions\Components\CharacterCreation.h" />
    <ClInclude Include="GameDefinitions\Net.h" />
    <ClInclude Include="Extender\Shared\ExtenderNet.h" />
    <ClInclude Include="Extender\Shared\ExtenderProtocol.pb.h" />
    <ClInclude Include="Extender\Client\ClientNetworking.h" />
    <ClInclude Include="Extender\Server\ServerNetworking.h" />
    <ClInclude Include="Lua\Server\EntityEvents.h" />
    <ClInclude Include="Extender\Shared\UserVariables.h" />
    <ClInclude Include="Lua\Shared\LuaCustomizations.h" />
    <ClInclude Include="Lua\Shared\Proxies\LuaCppObjectProxy.h" />
    <ClInclude Include="Lua\Shared\Proxies\LuaCppValue.h" />
    <ClInclude Include="Lua\Shared\Proxies\LuaUserVariableHolder.h" />
    <ClInclude Include="Lua\Shared\Proxies\LuaEnumValue.h" />
    <ClInclude Include="Lua\Shared\Proxies\LuaBitfieldValue.h" />
    <ClInclude Include="GameDefinitions\Base\LuaAnnotations.h" />
    <ClInclude Include="Extender\Version.h" />
    <ClInclude Include="Extender\BuildInfo.h" />
    <ClInclude Include="Extender\Shared\VirtualTextures.h" />
    <ClInclude Include="GameDefinitions\Components\Camp.h" />
    <ClInclude Include="GameDefinitions\Components\Hit.h" />
    <ClInclude Include="GameDefinitions\Components\Item.h" />
    <ClInclude Include="GameDefinitions\Components\Party.h" />
    <ClInclude Include="GameDefinitions\Components\Status.h" />
    <ClInclude Include="GameDefinitions\Components\Tadpole.h" />
    <ClInclude Include="GameDefinitions\VirtualTextureFormat.h" />
    <ClInclude Include="GameDefinitions\Stats\Prototype.h" />
    <ClInclude Include="GameDefinitions\Components\ServerData.h" />
    <ClInclude Include="GameDefinitions\Components\Progression.h" />
    <ClInclude Include="GameDefinitions\Components\Shapeshift.h" />
    <ClInclude Include="Lua\Shared\EntityComponentEvents.h" />
    <ClInclude Include="Lua\Shared\RawComponentRef.h" />
    <ClInclude Include="GameDefinitions\Render.h" />
    <ClInclude Include="GameDefinitions\UI.h" />
    <ClInclude Include="Lua\Client\UIEvents.h" />
    <ClInclude Include="GameDefinitions\Sound.h" />
    <ClInclude Include="Extender\Client\IMGUI\IMGUI.h" />
    <ClInclude Include="Extender\Client\IMGUI\Backends.h" />
    <ClInclude Include="Extender\Client\IMGUI\Objects.h" />
    <ClInclude Include="Lua\Shared\Proxies\LuaImguiProxy.h" />
    <ClInclude Include="Lua\Shared\LuaDelegate.h" />
    <ClInclude Include="Extender\Client\SDLManager.h" />
    <ClInclude Include="GameDefinitions\Picking.h" />
    <ClInclude Include="Lua\Libs\Timer.h" />
    <ClInclude Include="GameDefinitions\Stats\UseActions.h" />
    <ClInclude Include="GameDefinitions\EnumRepository.h" />
    <ClInclude Include="Lua\Shared\Proxies\LuaStructIDs.h" />
    <ClInclude Include="GameDefinitions\CharacterCreation.h" />
    <ClInclude Include="GameDefinitions\Components\Interrupt.h" />
    <ClInclude Include="GameDefinitions\Progression.h" />
    <ClInclude Include="Lua\Osiris\FunctionProxy.h" />
    <ClInclude Include="Lua\Osiris\CallbackManager.h" />
    <ClInclude Include="Lua\Osiris\NameCache.h" />
    <ClInclude Include="Lua\Osiris\Function.h" />
    <ClInclude Include="Lua\Osiris\CustomFunction.h" />
    <ClInclude Include="Lua\Osiris\ValueHelpers.h" />
    <ClInclude Include="Lua\Shared\EntityEventHelpers.h" />
    <ClInclude Include="Lua\Client\ClientEvents.h" />
    <ClInclude Include="Lua\Server\ServerEvents.h" />
    <ClInclude Include="GameDefinitions\Dialog.h" />
    <ClInclude Include="GameDefinitions\Animation.h" />
    <ClInclude Include="GameDefinitions\AllSpark.h" />
    <ClInclude Include="GameDefinitions\Components\Roll.h" />
    <ClInclude Include="GameDefinitions\Ai.h" />
    <ClInclude Include="GameDefinitions\Components\Timeline.h" />
    <ClInclude Include="GameDefinitions\Components\Events.h" />
    <ClInclude Include="Extender\Shared\UseActions.h" />
    <ClInclude Include="GameDefinitions\Components\Camera.h" />
    <ClInclude Include="GameDefinitions\AllSparkShared.h" />
  </ItemGroup>
  <ItemGroup>
    <ResourceCompile Include="BG3Extender.rc" />
  </ItemGroup>
  <ItemGroup>
    <None Include="..\CHANGELOG.md" />
    <None Include="cpp.hint" />
    <None Include="Exports.def" />
    <None Include="LuaScripts\Game.Math.lua" />
    <None Include="LuaScripts\Game.Tooltip.lua" />
    <None Include="LuaScripts\SandboxStartup.lua" />
    <None Include="Misc\ExtIdeHelpers.lua" />
    <None Include="Lua\Shared\LuaShared.inl">
      <Filter>Lua\Shared</Filter>
    </None>
    <None Include="Lua\Libs\StatAttributes.inl">
      <Filter>Lua\Shared</Filter>
    </None>
    <None Include="Lua\Libs\StatEnumerators.inl">
      <Filter>Lua\Shared</Filter>
    </None>
    <None Include="Lua\Libs\StatMisc.inl">
      <Filter>Lua\Shared</Filter>
    </None>
    <None Include="Lua\Server\ServerStatus.inl">
      <Filter>Lua\Server</Filter>
    </None>
    <None Include="LuaScripts\BuiltinLibrary.lua">
      <Filter>LuaScripts</Filter>
    </None>
    <None Include="LuaScripts\BuiltinLibraryClient.lua">
      <Filter>LuaScripts</Filter>
    </None>
    <None Include="LuaScripts\BuiltinLibraryServer.lua">
      <Filter>LuaScripts</Filter>
    </None>
    <None Include="GameDefinitions\PropertyMaps\Stats.inl">
      <Filter>GameDefinitions\PropertyMaps</Filter>
    </None>
    <None Include="Lua\LevelIteratorFunctions.inl">
      <Filter>Lua\Shared</Filter>
    </None>
    <None Include="GameDefinitions\PropertyMaps\ServerObjects.inl">
      <Filter>GameDefinitions\PropertyMaps</Filter>
    </None>
    <None Include="GameDefinitions\PropertyMaps\CommonTypes.inl">
      <Filter>GameDefinitions\PropertyMaps</Filter>
    </None>
    <None Include="GameHooks\EngineHooks.inl">
      <Filter>GameHooks</Filter>
    </None>
    <None Include="Osiris\Debugger\osidebug.proto">
      <Filter>Osiris\Debugger</Filter>
    </None>
    <None Include="Lua\Server\FunctorEvents.inl">
      <Filter>Lua\Server</Filter>
    </None>
    <None Include="Lua\Server\ServerFunctors.inl">
      <Filter>Lua\Server</Filter>
    </None>
    <None Include="GameDefinitions\PropertyMaps\SurfaceActions.inl">
      <Filter>GameDefinitions\PropertyMaps</Filter>
    </None>
    <None Include="GameDefinitions\PropertyMaps\Statuses.inl">
      <Filter>GameDefinitions\PropertyMaps</Filter>
    </None>
    <None Include="GameDefinitions\Components\AllComponentTypes.inl">
      <Filter>GameDefinitions\Components</Filter>
    </None>
    <None Include="Extender\Shared\ExtenderProtocol.proto">
      <Filter>Extender\Shared</Filter>
    </None>
    <None Include="GameDefinitions\GlobalFixedStrings.inl">
      <Filter>GameDefinitions</Filter>
    </None>
    <None Include="Extender\Shared\StatLoadOrderHelper.inl">
      <Filter>Extender\Shared</Filter>
    </None>
    <None Include="Extender\Shared\SavegameSerializer.inl">
      <Filter>Extender\Shared</Filter>
    </None>
    <None Include="Extender\Shared\ThreadedExtenderState.inl">
      <Filter>Extender\Shared</Filter>
    </None>
    <None Include="GameDefinitions\PropertyMaps\Events.inl">
      <Filter>GameDefinitions\PropertyMaps</Filter>
    </None>
    <None Include="Lua\Shared\Proxies\LuaArrayProxy.inl">
      <Filter>Lua\Shared\Proxies</Filter>
    </None>
    <None Include="Lua\Shared\Proxies\LuaEntityProxy.inl">
      <Filter>Lua\Shared\Proxies</Filter>
    </None>
    <None Include="Lua\Shared\Proxies\LuaMapProxy.inl">
      <Filter>Lua\Shared\Proxies</Filter>
    </None>
    <None Include="Lua\Shared\Proxies\LuaSetProxy.inl">
      <Filter>Lua\Shared\Proxies</Filter>
    </None>
    <None Include="Lua\Debugger\LuaDebug.proto">
      <Filter>Lua\Debugger</Filter>
    </None>
    <None Include="LuaScripts\ClientStartup.lua">
      <Filter>LuaScripts</Filter>
    </None>
    <None Include="LuaScripts\ServerStartup.lua">
      <Filter>LuaScripts</Filter>
    </None>
    <None Include="LuaScripts\Libs\Event.lua">
      <Filter>LuaScripts\Libs</Filter>
    </None>
    <None Include="Lua\Shared\Proxies\LuaEvent.inl">
      <Filter>Lua\Shared\Proxies</Filter>
    </None>
    <None Include="GameDefinitions\Base\TypeInformation.inl">
      <Filter>GameDefinitions\Base</Filter>
    </None>
    <None Include="Lua\Libs\Types.inl" />
    <None Include="Lua\Libs\Json.inl" />
    <None Include="Lua\Libs\Debug.inl" />
    <None Include="Lua\Libs\IO.inl" />
    <None Include="Lua\Libs\Math.inl" />
    <None Include="Lua\Libs\Mod.inl" />
    <None Include="Lua\Libs\Utils.inl" />
    <None Include="Lua\Libs\Stats.inl" />
    <None Include="Lua\Shared\Proxies\LuaPropertyMap.inl" />
    <None Include="Lua\Shared\LuaModule.inl" />
    <None Include="Lua\Shared\LuaMethodCallHelpers.h" />
    <None Include="Lua\Shared\LuaReference.h" />
    <None Include="Lua\Shared\Proxies\LuaCppClass.inl" />
    <None Include="Lua\Shared\LuaReference.inl" />
    <None Include="Lua\Libs\StaticData.inl">
      <Filter>Lua\Libs</Filter>
    </None>
    <None Include="Lua\Libs\Entity.inl">
      <Filter>Lua\Libs</Filter>
    </None>
    <None Include="Lua\Libs\ServerNet.inl">
      <Filter>Lua\Libs</Filter>
    </None>
    <None Include="Lua\Libs\ClientNet.inl">
      <Filter>Lua\Libs</Filter>
    </None>
    <None Include="Lua\Libs\Localization.inl">
      <Filter>Lua\Libs</Filter>
    </None>
    <None Include="Lua\Server\EntityEvents.inl">
      <Filter>Lua\Server</Filter>
    </None>
    <None Include="Extender\Shared\UserVariables.inl">
      <Filter>Extender\Shared</Filter>
    </None>
    <None Include="Lua\Libs\Vars.inl">
      <Filter>Lua\Libs</Filter>
    </None>
    <None Include="Lua\Shared\LuaGet.inl">
      <Filter>Lua\Shared</Filter>
    </None>
    <None Include="Lua\Shared\LuaPush.inl">
      <Filter>Lua\Shared</Filter>
    </None>
    <None Include="Lua\Shared\LuaCustomizations.inl">
      <Filter>Lua\Shared</Filter>
    </None>
    <None Include="Lua\Shared\Proxies\LuaCppObjectProxy.inl">
      <Filter>Lua\Shared\Proxies</Filter>
    </None>
    <None Include="Lua\Shared\Proxies\LuaUserVariableHolder.inl">
      <Filter>Lua\Shared\Proxies</Filter>
    </None>
    <None Include="Lua\Shared\Proxies\LuaEnumValue.inl">
      <Filter>Lua\Shared\Proxies</Filter>
    </None>
    <None Include="Lua\Shared\Proxies\LuaBitfieldValue.inl">
      <Filter>Lua\Shared\Proxies</Filter>
    </None>
    <None Include="Lua\Libs\ServerTemplate.inl">
      <Filter>Lua\Libs</Filter>
    </None>
    <None Include="Lua\Shared\Proxies\PolymorphicPush.inl">
      <Filter>Lua\Shared\Proxies</Filter>
    </None>
    <None Include="Extender\Shared\VirtualTextures.inl">
      <Filter>Extender</Filter>
    </None>
    <None Include="Extender\Shared\VirtualTextureMerge.inl">
      <Filter>Extender\Shared</Filter>
    </None>
    <None Include="Lua\Libs\ClientTemplate.inl">
      <Filter>Lua\Libs</Filter>
    </None>
    <None Include="Lua\Shared\EntityComponentEvents.inl">
      <Filter>Lua\Shared</Filter>
    </None>
    <None Include="Lua\Libs\ClientUI\NsHelpers.inl">
      <Filter>Lua\Libs</Filter>
    </None>
    <None Include="GameDefinitions\PropertyMaps\UI.inl">
      <Filter>GameDefinitions\PropertyMaps</Filter>
    </None>
    <None Include="Lua\Client\UIEvents.inl">
      <Filter>Lua\Client</Filter>
    </None>
    <None Include="GameDefinitions\ExternalEnumerations\GUI.inl">
      <Filter>GameDefinitions</Filter>
    </None>
    <None Include="Lua\Libs\ClientUI\Symbols.inl">
      <Filter>Lua\Libs</Filter>
    </None>
    <None Include="Lua\Libs\ClientUI\Events.inl">
      <Filter>Lua\Libs</Filter>
    </None>
    <None Include="Lua\Libs\ClientUI\Module.inl" />
    <None Include="Lua\Libs\ClientAudio.inl" />
    <None Include="Extender\Client\IMGUI\Vulkan.inl" />
    <None Include="Lua\Libs\ClientIMGUI.inl" />
    <None Include="GameDefinitions\PropertyMaps\IMGUI.inl" />
    <None Include="Lua\Shared\Proxies\LuaImguiProxy.inl" />
    <None Include="Extender\Client\IMGUI\DX11.inl" />
    <None Include="Lua\Libs\ClientInput.inl" />
    <None Include="Lua\Libs\Timer.inl" />
    <None Include="GameDefinitions\Enumerations\IMGUI.inl" />
    <None Include="GameDefinitions\Enumerations\Stats.inl" />
    <None Include="GameDefinitions\Enumerations\Engine.inl" />
    <None Include="GameDefinitions\Enumerations\ECS.inl" />
    <None Include="GameDefinitions\Enumerations\NetMessage.inl" />
    <None Include="Lua\Osiris\FunctionProxy.inl" />
    <None Include="Lua\Osiris\CallbackManager.inl" />
    <None Include="Lua\Osiris\NameCache.inl" />
    <None Include="Lua\Osiris\Function.inl" />
    <None Include="Lua\Osiris\CustomFunction.inl" />
    <None Include="Lua\Osiris\ValueHelpers.inl" />
    <None Include="Lua\Osiris\LuaNameResolver.inl" />
    <None Include="GameDefinitions\PropertyMaps\ClientObjects.inl" />
    <None Include="Lua\Shared\EntityEventHelpers.inl" />
    <None Include="GameDefinitions\Ai.inl" />
    <None Include="Lua\Libs\ClientUI\Names.inl" />
    <None Include="Lua\Shared\LuaDelegate.inl" />
    <None Include="GameDefinitions\Animation.inl" />
    <None Include="Extender\Shared\UseActions.inl" />
    <None Include="GameDefinitions\RootTemplates.inl" />
    <None Include="GameDefinitions\Render.inl" />
    <None Include="Lua\Libs\Log.inl" />
    <None Include="GameDefinitions\AllSpark.inl" />
  </ItemGroup>
  <ItemGroup>
    <Filter Include="GameDefinitions">
      <UniqueIdentifier>{581518a7-1c05-452d-a105-cdbb2d439de4}</UniqueIdentifier>
    </Filter>
    <Filter Include="Lua">
      <UniqueIdentifier>{1eed3983-e758-4216-975e-34f5bc26bcfb}</UniqueIdentifier>
    </Filter>
    <Filter Include="Lua\Client">
      <UniqueIdentifier>{2848ce4c-627e-43e4-b269-ca7c332eb831}</UniqueIdentifier>
    </Filter>
    <Filter Include="Lua\Server">
      <UniqueIdentifier>{5452fa8e-c0ba-4783-b66b-08a2cc19ba1f}</UniqueIdentifier>
    </Filter>
    <Filter Include="Lua\Shared">
      <UniqueIdentifier>{e7b25b28-613a-4d12-8e8f-3b8634c01e37}</UniqueIdentifier>
    </Filter>
    <Filter Include="GameDefinitions\Components">
      <UniqueIdentifier>{58e2b7a0-26ea-413b-8447-cc2aa633c808}</UniqueIdentifier>
    </Filter>
    <Filter Include="GameDefinitions\Stats">
      <UniqueIdentifier>{fa1a29e1-4d48-4aad-941d-f07addb3a28c}</UniqueIdentifier>
    </Filter>
    <Filter Include="GameDefinitions\Base">
      <UniqueIdentifier>{cba2f21e-b9fd-45e3-83e2-dd45e281ae43}</UniqueIdentifier>
    </Filter>
    <Filter Include="LuaScripts">
      <UniqueIdentifier>{7e3d1d69-4254-4a02-aa81-5997dbc5c292}</UniqueIdentifier>
    </Filter>
    <Filter Include="Lua\Debugger">
      <UniqueIdentifier>{1219b7c1-9f8a-4459-818a-e658f5cd9fc6}</UniqueIdentifier>
    </Filter>
    <Filter Include="Osiris">
      <UniqueIdentifier>{edd7ed75-04bb-411a-886f-f4e5144714ee}</UniqueIdentifier>
    </Filter>
    <Filter Include="Osiris\Functions">
      <UniqueIdentifier>{135d4463-ad2a-4d08-af20-09987534023e}</UniqueIdentifier>
    </Filter>
    <Filter Include="Osiris\Debugger">
      <UniqueIdentifier>{bf35057d-4647-458e-b471-3958b10b2565}</UniqueIdentifier>
    </Filter>
    <Filter Include="Osiris\Shared">
      <UniqueIdentifier>{04414d2b-c64a-4e15-a91a-41ebff6ee2d3}</UniqueIdentifier>
    </Filter>
    <Filter Include="GameDefinitions\PropertyMaps">
      <UniqueIdentifier>{6fbb9ad7-3c78-463d-aa8d-05b362d99765}</UniqueIdentifier>
    </Filter>
    <Filter Include="GameHooks">
      <UniqueIdentifier>{14f09af4-6cd3-44a0-87c9-89b451bb46f8}</UniqueIdentifier>
    </Filter>
    <Filter Include="Extender">
      <UniqueIdentifier>{0a9c41bc-dec7-458a-a733-71ed00e2f8aa}</UniqueIdentifier>
    </Filter>
    <Filter Include="Extender\Client">
      <UniqueIdentifier>{9852f05b-9588-4826-b896-bd911519038a}</UniqueIdentifier>
    </Filter>
    <Filter Include="Extender\Server">
      <UniqueIdentifier>{24aa4557-ac8e-46a8-8bbe-9534d6236784}</UniqueIdentifier>
    </Filter>
    <Filter Include="Extender\Shared">
      <UniqueIdentifier>{8d810c88-e46d-4d2b-b3c9-8e509f417228}</UniqueIdentifier>
    </Filter>
    <Filter Include="Lua\Shared\Proxies">
      <UniqueIdentifier>{6c61b745-f848-467d-88b5-3092d23783fe}</UniqueIdentifier>
    </Filter>
    <Filter Include="LuaScripts\Libs">
      <UniqueIdentifier>{ee328742-1ce8-4156-982b-e4fc302887a0}</UniqueIdentifier>
    </Filter>
    <Filter Include="Lua\Libs">
      <UniqueIdentifier>{df29b9d6-11ba-4176-bca4-e4f140b52584}</UniqueIdentifier>
    </Filter>
  </ItemGroup>
  <ItemGroup>
    <Xml Include="GameHooks\BinaryMappings.xml">
      <Filter>GameHooks</Filter>
    </Xml>
  </ItemGroup>
  <ItemGroup>
    <Natvis Include="BG3SE.natvis" />
  </ItemGroup>
</Project>