<?xml version="1.0" encoding="utf-8"?>
<Project ToolsVersion="4.0" xmlns="http://schemas.microsoft.com/developer/msbuild/2003">
  <ItemGroup>
    <ClCompile Include="dllmain.cpp" />
    <ClCompile Include="DWriteWrapper.cpp" />
    <ClCompile Include="HttpFetcher.cpp" />
    <ClCompile Include="Manifest.cpp" />
    <ClCompile Include="stdafx.cpp" />
    <ClCompile Include="Utils.cpp" />
    <ClCompile Include="API.cpp" />
    <ClCompile Include="Cache.cpp" />
    <ClCompile Include="Updater.cpp" />
  </ItemGroup>
  <ItemGroup>
    <ClInclude Include="DWriteWrapper.h" />
    <ClInclude Include="HttpFetcher.h" />
    <ClInclude Include="Manifest.h" />
    <ClInclude Include="resource.h" />
    <ClInclude Include="stdafx.h" />
    <ClInclude Include="targetver.h" />
    <ClInclude Include="GameHelpers.h" />
    <ClInclude Include="UpdaterSymbols.h" />
    <ClInclude Include="Cache.h" />
    <ClInclude Include="Updater.h" />
    <ClInclude Include="Defines.h" />
  </ItemGroup>
  <ItemGroup>
    <ResourceCompile Include="Resources.rc" />
  </ItemGroup>
  <ItemGroup>
    <None Include="Exports.def" />
  </ItemGroup>
  <ItemGroup>
    <Xml Include="UpdaterBinaryMappings.xml" />
  </ItemGroup>
</Project>