<?xml version="1.0" encoding="utf-8"?>
<Project ToolsVersion="4.0" xmlns="http://schemas.microsoft.com/developer/msbuild/2003">
  <ItemGroup>
    <Filter Include="Source Files">
      <UniqueIdentifier>{4FC737F1-C7A5-4376-A066-2A32D752A2FF}</UniqueIdentifier>
      <Extensions>cpp;c;cc;cxx;c++;cppm;ixx;def;odl;idl;hpj;bat;asm;asmx</Extensions>
    </Filter>
    <Filter Include="Header Files">
      <UniqueIdentifier>{93995380-89BD-4b04-88EB-625FBE52EBFB}</UniqueIdentifier>
      <Extensions>h;hh;hpp;hxx;h++;hm;inl;inc;ipp;xsd</Extensions>
    </Filter>
    <Filter Include="Resource Files">
      <UniqueIdentifier>{67DA6AB6-F800-4c08-8B7A-83BB121AAD01}</UniqueIdentifier>
      <Extensions>rc;ico;cur;bmp;dlg;rc2;rct;bin;rgs;gif;jpg;jpeg;jpe;resx;tiff;tif;png;wav;mfcribbon-ms</Extensions>
    </Filter>
  </ItemGroup>
  <ItemGroup>
    <ClInclude Include="..\External\optick-master\src\optick.config.h">
      <Filter>Header Files</Filter>
    </ClInclude>
    <ClInclude Include="..\External\optick-master\src\optick.h">
      <Filter>Header Files</Filter>
    </ClInclude>
    <ClInclude Include="..\External\optick-master\src\optick_capi.h">
      <Filter>Header Files</Filter>
    </ClInclude>
    <ClInclude Include="..\External\optick-master\src\optick_common.h">
      <Filter>Header Files</Filter>
    </ClInclude>
    <ClInclude Include="..\External\optick-master\src\optick_core.freebsd.h">
      <Filter>Header Files</Filter>
    </ClInclude>
    <ClInclude Include="..\External\optick-master\src\optick_core.h">
      <Filter>Header Files</Filter>
    </ClInclude>
    <ClInclude Include="..\External\optick-master\src\optick_core.linux.h">
      <Filter>Header Files</Filter>
    </ClInclude>
    <ClInclude Include="..\External\optick-master\src\optick_core.macos.h">
      <Filter>Header Files</Filter>
    </ClInclude>
    <ClInclude Include="..\External\optick-master\src\optick_core.platform.h">
      <Filter>Header Files</Filter>
    </ClInclude>
    <ClInclude Include="..\External\optick-master\src\optick_core.win.h">
      <Filter>Header Files</Filter>
    </ClInclude>
    <ClInclude Include="..\External\optick-master\src\optick_gpu.h">
      <Filter>Header Files</Filter>
    </ClInclude>
    <ClInclude Include="..\External\optick-master\src\optick_memory.h">
      <Filter>Header Files</Filter>
    </ClInclude>
    <ClInclude Include="..\External\optick-master\src\optick_message.h">
      <Filter>Header Files</Filter>
    </ClInclude>
    <ClInclude Include="..\External\optick-master\src\optick_miniz.h">
      <Filter>Header Files</Filter>
    </ClInclude>
    <ClInclude Include="..\External\optick-master\src\optick_serialization.h">
      <Filter>Header Files</Filter>
    </ClInclude>
    <ClInclude Include="..\External\optick-master\src\optick_server.h">
      <Filter>Header Files</Filter>
    </ClInclude>
  </ItemGroup>
  <ItemGroup>
    <ClCompile Include="..\External\optick-master\src\optick_capi.cpp">
      <Filter>Source Files</Filter>
    </ClCompile>
    <ClCompile Include="..\External\optick-master\src\optick_core.cpp">
      <Filter>Source Files</Filter>
    </ClCompile>
    <ClCompile Include="..\External\optick-master\src\optick_gpu.cpp">
      <Filter>Source Files</Filter>
    </ClCompile>
    <ClCompile Include="..\External\optick-master\src\optick_gpu.d3d12.cpp">
      <Filter>Source Files</Filter>
    </ClCompile>
    <ClCompile Include="..\External\optick-master\src\optick_gpu.vulkan.cpp">
      <Filter>Source Files</Filter>
    </ClCompile>
    <ClCompile Include="..\External\optick-master\src\optick_message.cpp">
      <Filter>Source Files</Filter>
    </ClCompile>
    <ClCompile Include="..\External\optick-master\src\optick_miniz.cpp">
      <Filter>Source Files</Filter>
    </ClCompile>
    <ClCompile Include="..\External\optick-master\src\optick_serialization.cpp">
      <Filter>Source Files</Filter>
    </ClCompile>
    <ClCompile Include="..\External\optick-master\src\optick_server.cpp">
      <Filter>Source Files</Filter>
    </ClCompile>
  </ItemGroup>
</Project>